{
    "_readme": [
        "This file locks the dependencies of your project to a known state",
        "Read more about it at https://getcomposer.org/doc/01-basic-usage.md#installing-dependencies",
        "This file is @generated automatically"
    ],
    "content-hash": "8a918e7004901ced67c5063ffa3a9162",
    "packages": [
        {
            "name": "mips/httpclient",
            "version": "v0.1",
            "source": {
                "type": "git",
                "url": "https://github.com/Mips2648/httpclient.git",
                "reference": "73f3b20d45c27267bde41323442a89fc0905cccb"
            },
            "dist": {
                "type": "zip",
                "url": "https://api.github.com/repos/Mips2648/httpclient/zipball/73f3b20d45c27267bde41323442a89fc0905cccb",
                "reference": "73f3b20d45c27267bde41323442a89fc0905cccb",
                "shasum": ""
            },
            "require": {
                "psr/log": "~1.0"
            },
            "type": "library",
            "autoload": {
                "psr-4": {
                    "Mips\\Http\\": "src/"
                }
            },
            "notification-url": "https://packagist.org/downloads/",
            "license": [
                "MIT"
            ],
            "authors": [
                {
                    "name": "Mips"
                }
            ],
            "description": "Http Client for json API",
            "time": "2020-04-18T14:08:57+00:00"
        },
        {
            "name": "mips/hydrao-api",
            "version": "v0.2",
            "source": {
                "type": "git",
                "url": "git@github.com:Mips2648/hydrao-api.git",
                "reference": "a61498544bdd23be62fc567167978e094b632e68"
            },
            "dist": {
                "type": "zip",
                "url": "https://api.github.com/repos/Mips2648/hydrao-api/zipball/a61498544bdd23be62fc567167978e094b632e68",
                "reference": "a61498544bdd23be62fc567167978e094b632e68",
                "shasum": ""
            },
            "require": {
                "mips/httpclient": "0.1",
                "psr/log": "~1.0"
            },
            "type": "library",
            "autoload": {
                "psr-4": {
                    "mips\\hydraoapi\\": "src/"
                }
            },
            "license": [
                "proprietary"
            ],
            "authors": [
                {
                    "name": "Mips"
                }
            ],
            "description": "hydrao api client",
            "support": {
                "source": "https://github.com/Mips2648/hydrao-api/tree/master",
                "issues": "https://github.com/Mips2648/hydrao-api/issues"
            },
            "time": "2020-04-19T11:45:41+00:00"
        },
        {
            "name": "mips/jeedom-tools",
            "version": "v0.1",
            "source": {
                "type": "git",
                "url": "https://github.com/Mips2648/jeedom-tools.git",
                "reference": "b34123a2e97c7845e7c48ee9927816de05a439b2"
            },
            "dist": {
                "type": "zip",
                "url": "https://api.github.com/repos/Mips2648/jeedom-tools/zipball/b34123a2e97c7845e7c48ee9927816de05a439b2",
                "reference": "b34123a2e97c7845e7c48ee9927816de05a439b2",
                "shasum": ""
            },
            "type": "library",
            "autoload": {
                "psr-0": {
                    "MipsEqLogicTrait": "src/"
                }
            },
            "license": [
                "MIT"
            ],
            "authors": [
                {
                    "name": "Mips"
                }
            ],
            "description": "Jeedom tools for plugin dev",
            "support": {
                "source": "https://github.com/Mips2648/jeedom-tools/tree/master",
                "issues": "https://github.com/Mips2648/jeedom-tools/issues"
            },
            "time": "2020-04-18T14:37:44+00:00"
        },
        {
            "name": "psr/log",
            "version": "1.1.3",
            "source": {
                "type": "git",
                "url": "https://github.com/php-fig/log.git",
                "reference": "0f73288fd15629204f9d42b7055f72dacbe811fc"
            },
            "dist": {
                "type": "zip",
                "url": "https://api.github.com/repos/php-fig/log/zipball/0f73288fd15629204f9d42b7055f72dacbe811fc",
                "reference": "0f73288fd15629204f9d42b7055f72dacbe811fc",
                "shasum": ""
            },
            "require": {
                "php": ">=5.3.0"
            },
            "type": "library",
            "extra": {
                "branch-alias": {
                    "dev-master": "1.1.x-dev"
                }
            },
            "autoload": {
                "psr-4": {
                    "Psr\\Log\\": "Psr/Log/"
                }
            },
            "notification-url": "https://packagist.org/downloads/",
            "license": [
                "MIT"
            ],
            "authors": [
                {
                    "name": "PHP-FIG",
                    "homepage": "http://www.php-fig.org/"
                }
            ],
            "description": "Common interface for logging libraries",
            "homepage": "https://github.com/php-fig/log",
            "keywords": [
                "log",
                "psr",
                "psr-3"
            ],
            "time": "2020-03-23T09:12:05+00:00"
        }
    ],
    "packages-dev": [],
    "aliases": [],
    "minimum-stability": "stable",
    "stability-flags": [],
    "prefer-stable": false,
    "prefer-lowest": false,
    "platform": [],
    "platform-dev": []
}
